
Microsoft Visual Studio Solution File, Format Version 12.00
# Visual Studio Version 17
VisualStudioVersion = 17.7.34024.191
MinimumVisualStudioVersion = 10.0.40219.1
Project("{FAE04EC0-301F-11D3-BF4B-00C04F79EFBC}") = "Medio", "Medio.csproj", "{0043A1AC-1AB4-46D5-A3DF-78C498195AF4}"
EndProject
Global
	GlobalSection(SolutionConfigurationPlatforms) = preSolution
		Debug|Any CPU = Debug|Any CPU
		Release|Any CPU = Release|Any CPU
	EndGlobalSection
	GlobalSection(ProjectConfigurationPlatforms) = postSolution
		{0043A1AC-1AB4-46D5-A3DF-78C498195AF4}.Debug|Any CPU.ActiveCfg = Debug|Any CPU
		{0043A1AC-1AB4-46D5-A3DF-78C498195AF4}.Debug|Any CPU.Build.0 = Debug|Any CPU
		{0043A1AC-1AB4-46D5-A3DF-78C498195AF4}.Release|Any CPU.ActiveCfg = Release|Any CPU
		{0043A1AC-1AB4-46D5-A3DF-78C498195AF4}.Release|Any CPU.Build.0 = Release|Any CPU
	EndGlobalSection
	GlobalSection(SolutionProperties) = preSolution
		HideSolutionNode = FALSE
	EndGlobalSection
	GlobalSection(ExtensibilityGlobals) = postSolution
		SolutionGuid = {45963870-C5C1-4121-B181-FEA6624DD822}
	EndGlobalSection
EndGlobal
